// !$*UTF8*$!
{
	archiveVersion = 1;
	classes = {
	};
	objectVersion = 50;
	objects = {

/* Begin PBXBuildFile section */
		B2168B15265516EE00AA0C72 /* UIView+backgroundColorAnimation.swift in Sources */ = {isa = PBXBuildFile; fileRef = B2168B14265516EE00AA0C72 /* UIView+backgroundColorAnimation.swift */; };
		B22799BC2639B95A0088A8B2 /* ColorScheme.swift in Sources */ = {isa = PBXBuildFile; fileRef = B22799BB2639B95A0088A8B2 /* ColorScheme.swift */; };
		B22D09C8263C2CDA0032380F /* SocialButton.swift in Sources */ = {isa = PBXBuildFile; fileRef = B22D09C7263C2CDA0032380F /* SocialButton.swift */; };
		B22D09CB263C6A0F0032380F /* LoginService.swift in Sources */ = {isa = PBXBuildFile; fileRef = B22D09CA263C6A0F0032380F /* LoginService.swift */; };
		B22D09CD263C6A350032380F /* AppleLoginService.swift in Sources */ = {isa = PBXBuildFile; fileRef = B22D09CC263C6A350032380F /* AppleLoginService.swift */; };
		B23D155C263D91DE0010AB57 /* StocksContract.swift in Sources */ = {isa = PBXBuildFile; fileRef = B23D155B263D91DE0010AB57 /* StocksContract.swift */; };
		B23D155E263D921C0010AB57 /* StocksVM.swift in Sources */ = {isa = PBXBuildFile; fileRef = B23D155D263D921C0010AB57 /* StocksVM.swift */; };
		B23D1560263D92400010AB57 /* StocksVC.swift in Sources */ = {isa = PBXBuildFile; fileRef = B23D155F263D92400010AB57 /* StocksVC.swift */; };
		B23D1562263D93320010AB57 /* StocksService.swift in Sources */ = {isa = PBXBuildFile; fileRef = B23D1561263D93320010AB57 /* StocksService.swift */; };
		B23D1564263DA52F0010AB57 /* StocksTableViewCell.swift in Sources */ = {isa = PBXBuildFile; fileRef = B23D1563263DA52F0010AB57 /* StocksTableViewCell.swift */; };
		B23D1566263DA7EB0010AB57 /* CompanyQuotes.swift in Sources */ = {isa = PBXBuildFile; fileRef = B23D1565263DA7EB0010AB57 /* CompanyQuotes.swift */; };
		B23D1568263FF3580010AB57 /* Company.swift in Sources */ = {isa = PBXBuildFile; fileRef = B23D1567263FF3580010AB57 /* Company.swift */; };
		B2535271264C0D65005CEB74 /* UITableViewCell+identifier.swift in Sources */ = {isa = PBXBuildFile; fileRef = B2535270264C0D65005CEB74 /* UITableViewCell+identifier.swift */; };
		B2535274264C4E22005CEB74 /* Double+roundForText.swift in Sources */ = {isa = PBXBuildFile; fileRef = B2535273264C4E22005CEB74 /* Double+roundForText.swift */; };
		B2535276264D32B6005CEB74 /* CellBackgroundView.swift in Sources */ = {isa = PBXBuildFile; fileRef = B2535275264D32B6005CEB74 /* CellBackgroundView.swift */; };
		B271C81C2654F83500012308 /* SearchCompanyVC.swift in Sources */ = {isa = PBXBuildFile; fileRef = B271C81B2654F83500012308 /* SearchCompanyVC.swift */; };
		B2802B282623767F00B6AADA /* Currency.swift in Sources */ = {isa = PBXBuildFile; fileRef = B2802B272623767F00B6AADA /* Currency.swift */; };
		B2802B2E26244E9600B6AADA /* News.swift in Sources */ = {isa = PBXBuildFile; fileRef = B2802B2D26244E9600B6AADA /* News.swift */; };
		B2968D912656759E009AA143 /* Date+isRelevant.swift in Sources */ = {isa = PBXBuildFile; fileRef = B2968D902656759E009AA143 /* Date+isRelevant.swift */; };
		B2968D9326567E09009AA143 /* WebSocketService.swift in Sources */ = {isa = PBXBuildFile; fileRef = B2968D9226567E08009AA143 /* WebSocketService.swift */; };
		B2968D9526569BEB009AA143 /* OnlineTrade.swift in Sources */ = {isa = PBXBuildFile; fileRef = B2968D9426569BEB009AA143 /* OnlineTrade.swift */; };
		B2A55B4F2636DAFC0036AB01 /* MainCoordinator.swift in Sources */ = {isa = PBXBuildFile; fileRef = B2A55B4E2636DAFC0036AB01 /* MainCoordinator.swift */; };
		B2A55B522636DD1B0036AB01 /* NewsCoordinator.swift in Sources */ = {isa = PBXBuildFile; fileRef = B2A55B512636DD1B0036AB01 /* NewsCoordinator.swift */; };
		B2A55B562636EC380036AB01 /* StocksCoordinator.swift in Sources */ = {isa = PBXBuildFile; fileRef = B2A55B552636EC380036AB01 /* StocksCoordinator.swift */; };
		B2A55B5A2636ECB40036AB01 /* SettingsCoordinator.swift in Sources */ = {isa = PBXBuildFile; fileRef = B2A55B592636ECB40036AB01 /* SettingsCoordinator.swift */; };
		B2A55B5D2636EF4D0036AB01 /* AuthCoordinator.swift in Sources */ = {isa = PBXBuildFile; fileRef = B2A55B5C2636EF4D0036AB01 /* AuthCoordinator.swift */; };
		B2A55B622636F37A0036AB01 /* NewsVM.swift in Sources */ = {isa = PBXBuildFile; fileRef = B2A55B612636F37A0036AB01 /* NewsVM.swift */; };
		B2A55B662636F3960036AB01 /* NewsVC.swift in Sources */ = {isa = PBXBuildFile; fileRef = B2A55B652636F3960036AB01 /* NewsVC.swift */; };
		B2A55B692636F3B60036AB01 /* NewsContract.swift in Sources */ = {isa = PBXBuildFile; fileRef = B2A55B682636F3B60036AB01 /* NewsContract.swift */; };
		B2A55B74263717A70036AB01 /* NewsTableViewCell.swift in Sources */ = {isa = PBXBuildFile; fileRef = B2A55B73263717A70036AB01 /* NewsTableViewCell.swift */; };
		B2B0D8752637F46800A59015 /* LoginVC.swift in Sources */ = {isa = PBXBuildFile; fileRef = B2B0D8742637F46800A59015 /* LoginVC.swift */; };
		B2B0D8782637F4DD00A59015 /* LoginVM.swift in Sources */ = {isa = PBXBuildFile; fileRef = B2B0D8772637F4DD00A59015 /* LoginVM.swift */; };
		B2B0D87B2637F56400A59015 /* LoginContract.swift in Sources */ = {isa = PBXBuildFile; fileRef = B2B0D87A2637F56400A59015 /* LoginContract.swift */; };
		B2B0D8802638287E00A59015 /* SettingsContract.swift in Sources */ = {isa = PBXBuildFile; fileRef = B2B0D87F2638287E00A59015 /* SettingsContract.swift */; };
		B2B0D883263828A600A59015 /* SettingsVM.swift in Sources */ = {isa = PBXBuildFile; fileRef = B2B0D882263828A600A59015 /* SettingsVM.swift */; };
		B2B0D886263828B600A59015 /* SettingsVC.swift in Sources */ = {isa = PBXBuildFile; fileRef = B2B0D885263828B600A59015 /* SettingsVC.swift */; };
		B2B460BB2653B3CF007B2877 /* CompanyProfile.swift in Sources */ = {isa = PBXBuildFile; fileRef = B2B460BA2653B3CF007B2877 /* CompanyProfile.swift */; };
		B2B460BD2653CA2C007B2877 /* URL+withQueries.swift in Sources */ = {isa = PBXBuildFile; fileRef = B2B460BC2653CA2C007B2877 /* URL+withQueries.swift */; };
		B2BFBFB62636BE89004F40B0 /* AppCoordinator.swift in Sources */ = {isa = PBXBuildFile; fileRef = B2BFBFB52636BE89004F40B0 /* AppCoordinator.swift */; };
		B2BFBFBB2636BF86004F40B0 /* Coordination.swift in Sources */ = {isa = PBXBuildFile; fileRef = B2BFBFBA2636BF86004F40B0 /* Coordination.swift */; };
		B2C0AEFE263AC41F00A7E8BA /* CacheService.swift in Sources */ = {isa = PBXBuildFile; fileRef = B2C0AEFD263AC41F00A7E8BA /* CacheService.swift */; };
		B2C0AF00263B00EA00A7E8BA /* ServiceContainer.swift in Sources */ = {isa = PBXBuildFile; fileRef = B2C0AEFF263B00EA00A7E8BA /* ServiceContainer.swift */; };
		B2C0AF02263B052A00A7E8BA /* NewsService.swift in Sources */ = {isa = PBXBuildFile; fileRef = B2C0AF01263B052A00A7E8BA /* NewsService.swift */; };
		B2C0AF04263B087600A7E8BA /* CurrencyService.swift in Sources */ = {isa = PBXBuildFile; fileRef = B2C0AF03263B087600A7E8BA /* CurrencyService.swift */; };
		B2CE57142621CD5700C5722D /* RequestSettings.swift in Sources */ = {isa = PBXBuildFile; fileRef = B2CE57132621CD5700C5722D /* RequestSettings.swift */; };
		B2DEC14D26209D3600C13589 /* AppDelegate.swift in Sources */ = {isa = PBXBuildFile; fileRef = B2DEC14C26209D3600C13589 /* AppDelegate.swift */; };
		B2DEC14F26209D3600C13589 /* SceneDelegate.swift in Sources */ = {isa = PBXBuildFile; fileRef = B2DEC14E26209D3600C13589 /* SceneDelegate.swift */; };
		B2DEC15626209D3600C13589 /* Assets.xcassets in Resources */ = {isa = PBXBuildFile; fileRef = B2DEC15526209D3600C13589 /* Assets.xcassets */; };
		B2DEC15926209D3600C13589 /* LaunchScreen.storyboard in Resources */ = {isa = PBXBuildFile; fileRef = B2DEC15726209D3600C13589 /* LaunchScreen.storyboard */; };
/* End PBXBuildFile section */

/* Begin PBXFileReference section */
		B2168B14265516EE00AA0C72 /* UIView+backgroundColorAnimation.swift */ = {isa = PBXFileReference; lastKnownFileType = sourcecode.swift; path = "UIView+backgroundColorAnimation.swift"; sourceTree = "<group>"; };
		B22799BB2639B95A0088A8B2 /* ColorScheme.swift */ = {isa = PBXFileReference; lastKnownFileType = sourcecode.swift; path = ColorScheme.swift; sourceTree = "<group>"; };
		B22D09C7263C2CDA0032380F /* SocialButton.swift */ = {isa = PBXFileReference; lastKnownFileType = sourcecode.swift; path = SocialButton.swift; sourceTree = "<group>"; };
		B22D09CA263C6A0F0032380F /* LoginService.swift */ = {isa = PBXFileReference; lastKnownFileType = sourcecode.swift; path = LoginService.swift; sourceTree = "<group>"; };
		B22D09CC263C6A350032380F /* AppleLoginService.swift */ = {isa = PBXFileReference; lastKnownFileType = sourcecode.swift; path = AppleLoginService.swift; sourceTree = "<group>"; };
		B23D155B263D91DE0010AB57 /* StocksContract.swift */ = {isa = PBXFileReference; lastKnownFileType = sourcecode.swift; path = StocksContract.swift; sourceTree = "<group>"; };
		B23D155D263D921C0010AB57 /* StocksVM.swift */ = {isa = PBXFileReference; lastKnownFileType = sourcecode.swift; path = StocksVM.swift; sourceTree = "<group>"; };
		B23D155F263D92400010AB57 /* StocksVC.swift */ = {isa = PBXFileReference; lastKnownFileType = sourcecode.swift; path = StocksVC.swift; sourceTree = "<group>"; };
		B23D1561263D93320010AB57 /* StocksService.swift */ = {isa = PBXFileReference; lastKnownFileType = sourcecode.swift; path = StocksService.swift; sourceTree = "<group>"; };
		B23D1563263DA52F0010AB57 /* StocksTableViewCell.swift */ = {isa = PBXFileReference; lastKnownFileType = sourcecode.swift; path = StocksTableViewCell.swift; sourceTree = "<group>"; };
		B23D1565263DA7EB0010AB57 /* CompanyQuotes.swift */ = {isa = PBXFileReference; lastKnownFileType = sourcecode.swift; path = CompanyQuotes.swift; sourceTree = "<group>"; };
		B23D1567263FF3580010AB57 /* Company.swift */ = {isa = PBXFileReference; lastKnownFileType = sourcecode.swift; path = Company.swift; sourceTree = "<group>"; };
		B2535270264C0D65005CEB74 /* UITableViewCell+identifier.swift */ = {isa = PBXFileReference; lastKnownFileType = sourcecode.swift; path = "UITableViewCell+identifier.swift"; sourceTree = "<group>"; };
		B2535273264C4E22005CEB74 /* Double+roundForText.swift */ = {isa = PBXFileReference; lastKnownFileType = sourcecode.swift; path = "Double+roundForText.swift"; sourceTree = "<group>"; };
		B2535275264D32B6005CEB74 /* CellBackgroundView.swift */ = {isa = PBXFileReference; lastKnownFileType = sourcecode.swift; path = CellBackgroundView.swift; sourceTree = "<group>"; };
		B271C81B2654F83500012308 /* SearchCompanyVC.swift */ = {isa = PBXFileReference; lastKnownFileType = sourcecode.swift; path = SearchCompanyVC.swift; sourceTree = "<group>"; };
		B2802B272623767F00B6AADA /* Currency.swift */ = {isa = PBXFileReference; lastKnownFileType = sourcecode.swift; path = Currency.swift; sourceTree = "<group>"; };
		B2802B2D26244E9600B6AADA /* News.swift */ = {isa = PBXFileReference; lastKnownFileType = sourcecode.swift; path = News.swift; sourceTree = "<group>"; };
		B2968D902656759E009AA143 /* Date+isRelevant.swift */ = {isa = PBXFileReference; lastKnownFileType = sourcecode.swift; path = "Date+isRelevant.swift"; sourceTree = "<group>"; };
		B2968D9226567E08009AA143 /* WebSocketService.swift */ = {isa = PBXFileReference; fileEncoding = 4; lastKnownFileType = sourcecode.swift; path = WebSocketService.swift; sourceTree = "<group>"; };
		B2968D9426569BEB009AA143 /* OnlineTrade.swift */ = {isa = PBXFileReference; lastKnownFileType = sourcecode.swift; path = OnlineTrade.swift; sourceTree = "<group>"; };
		B2A55B4E2636DAFC0036AB01 /* MainCoordinator.swift */ = {isa = PBXFileReference; lastKnownFileType = sourcecode.swift; path = MainCoordinator.swift; sourceTree = "<group>"; };
		B2A55B512636DD1B0036AB01 /* NewsCoordinator.swift */ = {isa = PBXFileReference; lastKnownFileType = sourcecode.swift; path = NewsCoordinator.swift; sourceTree = "<group>"; };
		B2A55B552636EC380036AB01 /* StocksCoordinator.swift */ = {isa = PBXFileReference; lastKnownFileType = sourcecode.swift; path = StocksCoordinator.swift; sourceTree = "<group>"; };
		B2A55B592636ECB40036AB01 /* SettingsCoordinator.swift */ = {isa = PBXFileReference; lastKnownFileType = sourcecode.swift; path = SettingsCoordinator.swift; sourceTree = "<group>"; };
		B2A55B5C2636EF4D0036AB01 /* AuthCoordinator.swift */ = {isa = PBXFileReference; lastKnownFileType = sourcecode.swift; path = AuthCoordinator.swift; sourceTree = "<group>"; };
		B2A55B612636F37A0036AB01 /* NewsVM.swift */ = {isa = PBXFileReference; lastKnownFileType = sourcecode.swift; path = NewsVM.swift; sourceTree = "<group>"; };
		B2A55B652636F3960036AB01 /* NewsVC.swift */ = {isa = PBXFileReference; lastKnownFileType = sourcecode.swift; path = NewsVC.swift; sourceTree = "<group>"; };
		B2A55B682636F3B60036AB01 /* NewsContract.swift */ = {isa = PBXFileReference; lastKnownFileType = sourcecode.swift; path = NewsContract.swift; sourceTree = "<group>"; };
		B2A55B73263717A70036AB01 /* NewsTableViewCell.swift */ = {isa = PBXFileReference; lastKnownFileType = sourcecode.swift; path = NewsTableViewCell.swift; sourceTree = "<group>"; };
		B2B0D8742637F46800A59015 /* LoginVC.swift */ = {isa = PBXFileReference; lastKnownFileType = sourcecode.swift; path = LoginVC.swift; sourceTree = "<group>"; };
		B2B0D8772637F4DD00A59015 /* LoginVM.swift */ = {isa = PBXFileReference; lastKnownFileType = sourcecode.swift; path = LoginVM.swift; sourceTree = "<group>"; };
		B2B0D87A2637F56400A59015 /* LoginContract.swift */ = {isa = PBXFileReference; lastKnownFileType = sourcecode.swift; path = LoginContract.swift; sourceTree = "<group>"; };
		B2B0D87F2638287E00A59015 /* SettingsContract.swift */ = {isa = PBXFileReference; lastKnownFileType = sourcecode.swift; path = SettingsContract.swift; sourceTree = "<group>"; };
		B2B0D882263828A600A59015 /* SettingsVM.swift */ = {isa = PBXFileReference; lastKnownFileType = sourcecode.swift; path = SettingsVM.swift; sourceTree = "<group>"; };
		B2B0D885263828B600A59015 /* SettingsVC.swift */ = {isa = PBXFileReference; lastKnownFileType = sourcecode.swift; path = SettingsVC.swift; sourceTree = "<group>"; };
		B2B460BA2653B3CF007B2877 /* CompanyProfile.swift */ = {isa = PBXFileReference; lastKnownFileType = sourcecode.swift; path = CompanyProfile.swift; sourceTree = "<group>"; };
		B2B460BC2653CA2C007B2877 /* URL+withQueries.swift */ = {isa = PBXFileReference; lastKnownFileType = sourcecode.swift; path = "URL+withQueries.swift"; sourceTree = "<group>"; };
		B2BFBFB52636BE89004F40B0 /* AppCoordinator.swift */ = {isa = PBXFileReference; lastKnownFileType = sourcecode.swift; path = AppCoordinator.swift; sourceTree = "<group>"; };
		B2BFBFBA2636BF86004F40B0 /* Coordination.swift */ = {isa = PBXFileReference; lastKnownFileType = sourcecode.swift; path = Coordination.swift; sourceTree = "<group>"; };
		B2C0AEFD263AC41F00A7E8BA /* CacheService.swift */ = {isa = PBXFileReference; lastKnownFileType = sourcecode.swift; path = CacheService.swift; sourceTree = "<group>"; };
		B2C0AEFF263B00EA00A7E8BA /* ServiceContainer.swift */ = {isa = PBXFileReference; lastKnownFileType = sourcecode.swift; path = ServiceContainer.swift; sourceTree = "<group>"; };
		B2C0AF01263B052A00A7E8BA /* NewsService.swift */ = {isa = PBXFileReference; lastKnownFileType = sourcecode.swift; path = NewsService.swift; sourceTree = "<group>"; };
		B2C0AF03263B087600A7E8BA /* CurrencyService.swift */ = {isa = PBXFileReference; lastKnownFileType = sourcecode.swift; path = CurrencyService.swift; sourceTree = "<group>"; };
		B2CE57132621CD5700C5722D /* RequestSettings.swift */ = {isa = PBXFileReference; lastKnownFileType = sourcecode.swift; path = RequestSettings.swift; sourceTree = "<group>"; };
		B2DEC14926209D3600C13589 /* Stocks.app */ = {isa = PBXFileReference; explicitFileType = wrapper.application; includeInIndex = 0; path = Stocks.app; sourceTree = BUILT_PRODUCTS_DIR; };
		B2DEC14C26209D3600C13589 /* AppDelegate.swift */ = {isa = PBXFileReference; lastKnownFileType = sourcecode.swift; path = AppDelegate.swift; sourceTree = "<group>"; };
		B2DEC14E26209D3600C13589 /* SceneDelegate.swift */ = {isa = PBXFileReference; lastKnownFileType = sourcecode.swift; path = SceneDelegate.swift; sourceTree = "<group>"; };
		B2DEC15526209D3600C13589 /* Assets.xcassets */ = {isa = PBXFileReference; lastKnownFileType = folder.assetcatalog; path = Assets.xcassets; sourceTree = "<group>"; };
		B2DEC15826209D3600C13589 /* Base */ = {isa = PBXFileReference; lastKnownFileType = file.storyboard; name = Base; path = Base.lproj/LaunchScreen.storyboard; sourceTree = "<group>"; };
		B2DEC15A26209D3600C13589 /* Info.plist */ = {isa = PBXFileReference; lastKnownFileType = text.plist.xml; path = Info.plist; sourceTree = "<group>"; };
/* End PBXFileReference section */

/* Begin PBXFrameworksBuildPhase section */
		B2DEC14626209D3600C13589 /* Frameworks */ = {
			isa = PBXFrameworksBuildPhase;
			buildActionMask = 2147483647;
			files = (
			);
			runOnlyForDeploymentPostprocessing = 0;
		};
/* End PBXFrameworksBuildPhase section */

/* Begin PBXGroup section */
		B2034ABD26579C1F006611E6 /* News Service */ = {
			isa = PBXGroup;
			children = (
				B2C0AF01263B052A00A7E8BA /* NewsService.swift */,
				B2802B2D26244E9600B6AADA /* News.swift */,
			);
			path = "News Service";
			sourceTree = "<group>";
		};
		B2034ABE26579C3A006611E6 /* Stocks Service */ = {
			isa = PBXGroup;
			children = (
				B23D1561263D93320010AB57 /* StocksService.swift */,
				B23D1567263FF3580010AB57 /* Company.swift */,
				B2B460BA2653B3CF007B2877 /* CompanyProfile.swift */,
				B23D1565263DA7EB0010AB57 /* CompanyQuotes.swift */,
			);
			path = "Stocks Service";
			sourceTree = "<group>";
		};
		B2034ABF26579C55006611E6 /* Currency Service */ = {
			isa = PBXGroup;
			children = (
				B2C0AF03263B087600A7E8BA /* CurrencyService.swift */,
				B2802B272623767F00B6AADA /* Currency.swift */,
			);
			path = "Currency Service";
			sourceTree = "<group>";
		};
		B2034AC026579C70006611E6 /* Web Socket Service */ = {
			isa = PBXGroup;
			children = (
				B2968D9226567E08009AA143 /* WebSocketService.swift */,
				B2968D9426569BEB009AA143 /* OnlineTrade.swift */,
			);
			path = "Web Socket Service";
			sourceTree = "<group>";
		};
		B22799B82639AFC70088A8B2 /* Common */ = {
			isa = PBXGroup;
			children = (
				B2535272264C1AD2005CEB74 /* Schemes */,
				B22D09C6263C28FF0032380F /* Views */,
				B22799BA2639B9490088A8B2 /* Extensions */,
				B22799B92639AFD30088A8B2 /* Cells */,
			);
			path = Common;
			sourceTree = "<group>";
		};
		B22799B92639AFD30088A8B2 /* Cells */ = {
			isa = PBXGroup;
			children = (
				B2A55B73263717A70036AB01 /* NewsTableViewCell.swift */,
				B23D1563263DA52F0010AB57 /* StocksTableViewCell.swift */,
			);
			path = Cells;
			sourceTree = "<group>";
		};
		B22799BA2639B9490088A8B2 /* Extensions */ = {
			isa = PBXGroup;
			children = (
				B2535270264C0D65005CEB74 /* UITableViewCell+identifier.swift */,
				B2535273264C4E22005CEB74 /* Double+roundForText.swift */,
				B2B460BC2653CA2C007B2877 /* URL+withQueries.swift */,
				B2168B14265516EE00AA0C72 /* UIView+backgroundColorAnimation.swift */,
				B2968D902656759E009AA143 /* Date+isRelevant.swift */,
			);
			path = Extensions;
			sourceTree = "<group>";
		};
		B22D09C6263C28FF0032380F /* Views */ = {
			isa = PBXGroup;
			children = (
				B22D09C7263C2CDA0032380F /* SocialButton.swift */,
				B2535275264D32B6005CEB74 /* CellBackgroundView.swift */,
			);
			path = Views;
			sourceTree = "<group>";
		};
		B22D09C9263C689A0032380F /* Login Service */ = {
			isa = PBXGroup;
			children = (
				B22D09CA263C6A0F0032380F /* LoginService.swift */,
				B22D09CC263C6A350032380F /* AppleLoginService.swift */,
			);
			path = "Login Service";
			sourceTree = "<group>";
		};
		B23D155A263D91C00010AB57 /* Stocks */ = {
			isa = PBXGroup;
			children = (
				B23D155B263D91DE0010AB57 /* StocksContract.swift */,
				B23D155D263D921C0010AB57 /* StocksVM.swift */,
				B23D155F263D92400010AB57 /* StocksVC.swift */,
				B271C81B2654F83500012308 /* SearchCompanyVC.swift */,
			);
			path = Stocks;
			sourceTree = "<group>";
		};
		B2535272264C1AD2005CEB74 /* Schemes */ = {
			isa = PBXGroup;
			children = (
				B22799BB2639B95A0088A8B2 /* ColorScheme.swift */,
			);
			path = Schemes;
			sourceTree = "<group>";
		};
		B2802B2C2624487C00B6AADA /* Services */ = {
			isa = PBXGroup;
			children = (
				B2C0AEFF263B00EA00A7E8BA /* ServiceContainer.swift */,
				B22D09C9263C689A0032380F /* Login Service */,
				B2C0AEFC263AC40800A7E8BA /* Cache Service */,
				B2BFBFBD2636C20F004F40B0 /* Request Service */,
			);
			path = Services;
			sourceTree = "<group>";
		};
		B2A55B4B2636D96D0036AB01 /* Resources */ = {
			isa = PBXGroup;
			children = (
				B2DEC15526209D3600C13589 /* Assets.xcassets */,
				B2DEC15726209D3600C13589 /* LaunchScreen.storyboard */,
				B2DEC15A26209D3600C13589 /* Info.plist */,
			);
			path = Resources;
			sourceTree = "<group>";
		};
		B2A55B4C2636D99C0036AB01 /* App */ = {
			isa = PBXGroup;
			children = (
				B2DEC14C26209D3600C13589 /* AppDelegate.swift */,
				B2DEC14E26209D3600C13589 /* SceneDelegate.swift */,
			);
			path = App;
			sourceTree = "<group>";
		};
		B2A55B5F2636F3300036AB01 /* Modules */ = {
			isa = PBXGroup;
			children = (
				B2B0D8732637F3D600A59015 /* Entrance */,
				B2A55B602636F36A0036AB01 /* News */,
				B23D155A263D91C00010AB57 /* Stocks */,
				B2B0D87E2638286200A59015 /* Settings */,
			);
			path = Modules;
			sourceTree = "<group>";
		};
		B2A55B602636F36A0036AB01 /* News */ = {
			isa = PBXGroup;
			children = (
				B2A55B682636F3B60036AB01 /* NewsContract.swift */,
				B2A55B612636F37A0036AB01 /* NewsVM.swift */,
				B2A55B652636F3960036AB01 /* NewsVC.swift */,
			);
			path = News;
			sourceTree = "<group>";
		};
		B2B0D8732637F3D600A59015 /* Entrance */ = {
			isa = PBXGroup;
			children = (
				B2B0D87A2637F56400A59015 /* LoginContract.swift */,
				B2B0D8772637F4DD00A59015 /* LoginVM.swift */,
				B2B0D8742637F46800A59015 /* LoginVC.swift */,
			);
			path = Entrance;
			sourceTree = "<group>";
		};
		B2B0D87E2638286200A59015 /* Settings */ = {
			isa = PBXGroup;
			children = (
				B2B0D87F2638287E00A59015 /* SettingsContract.swift */,
				B2B0D882263828A600A59015 /* SettingsVM.swift */,
				B2B0D885263828B600A59015 /* SettingsVC.swift */,
			);
			path = Settings;
			sourceTree = "<group>";
		};
		B2BFBFB82636BF4A004F40B0 /* Coordination */ = {
			isa = PBXGroup;
			children = (
				B2BFBFBA2636BF86004F40B0 /* Coordination.swift */,
				B2BFBFB52636BE89004F40B0 /* AppCoordinator.swift */,
				B2A55B5C2636EF4D0036AB01 /* AuthCoordinator.swift */,
				B2A55B4E2636DAFC0036AB01 /* MainCoordinator.swift */,
				B2A55B512636DD1B0036AB01 /* NewsCoordinator.swift */,
				B2A55B552636EC380036AB01 /* StocksCoordinator.swift */,
				B2A55B592636ECB40036AB01 /* SettingsCoordinator.swift */,
			);
			path = Coordination;
			sourceTree = "<group>";
		};
		B2BFBFBD2636C20F004F40B0 /* Request Service */ = {
			isa = PBXGroup;
			children = (
				B2CE57132621CD5700C5722D /* RequestSettings.swift */,
				B2034ABD26579C1F006611E6 /* News Service */,
				B2034ABE26579C3A006611E6 /* Stocks Service */,
				B2034AC026579C70006611E6 /* Web Socket Service */,
				B2034ABF26579C55006611E6 /* Currency Service */,
			);
			path = "Request Service";
			sourceTree = "<group>";
		};
		B2C0AEFC263AC40800A7E8BA /* Cache Service */ = {
			isa = PBXGroup;
			children = (
				B2C0AEFD263AC41F00A7E8BA /* CacheService.swift */,
			);
			path = "Cache Service";
			sourceTree = "<group>";
		};
		B2DEC14026209D3600C13589 = {
			isa = PBXGroup;
			children = (
				B2A55B4B2636D96D0036AB01 /* Resources */,
				B2DEC14B26209D3600C13589 /* Stocks */,
				B2DEC14A26209D3600C13589 /* Products */,
			);
			sourceTree = "<group>";
		};
		B2DEC14A26209D3600C13589 /* Products */ = {
			isa = PBXGroup;
			children = (
				B2DEC14926209D3600C13589 /* Stocks.app */,
			);
			name = Products;
			sourceTree = "<group>";
		};
		B2DEC14B26209D3600C13589 /* Stocks */ = {
			isa = PBXGroup;
			children = (
				B2A55B4C2636D99C0036AB01 /* App */,
				B22799B82639AFC70088A8B2 /* Common */,
				B2BFBFB82636BF4A004F40B0 /* Coordination */,
				B2A55B5F2636F3300036AB01 /* Modules */,
				B2802B2C2624487C00B6AADA /* Services */,
			);
			path = Stocks;
			sourceTree = "<group>";
		};
/* End PBXGroup section */

/* Begin PBXNativeTarget section */
		B2DEC14826209D3600C13589 /* Stocks */ = {
			isa = PBXNativeTarget;
			buildConfigurationList = B2DEC15D26209D3600C13589 /* Build configuration list for PBXNativeTarget "Stocks" */;
			buildPhases = (
				B2DEC14526209D3600C13589 /* Sources */,
				B2DEC14626209D3600C13589 /* Frameworks */,
				B2DEC14726209D3600C13589 /* Resources */,
			);
			buildRules = (
			);
			dependencies = (
			);
			name = Stocks;
			productName = Stocks;
			productReference = B2DEC14926209D3600C13589 /* Stocks.app */;
			productType = "com.apple.product-type.application";
		};
/* End PBXNativeTarget section */

/* Begin PBXProject section */
		B2DEC14126209D3600C13589 /* Project object */ = {
			isa = PBXProject;
			attributes = {
				LastSwiftUpdateCheck = 1240;
				LastUpgradeCheck = 1240;
				TargetAttributes = {
					B2DEC14826209D3600C13589 = {
						CreatedOnToolsVersion = 12.4;
					};
				};
			};
			buildConfigurationList = B2DEC14426209D3600C13589 /* Build configuration list for PBXProject "Stocks" */;
			compatibilityVersion = "Xcode 9.3";
			developmentRegion = en;
			hasScannedForEncodings = 0;
			knownRegions = (
				en,
				Base,
			);
			mainGroup = B2DEC14026209D3600C13589;
			productRefGroup = B2DEC14A26209D3600C13589 /* Products */;
			projectDirPath = "";
			projectRoot = "";
			targets = (
				B2DEC14826209D3600C13589 /* Stocks */,
			);
		};
/* End PBXProject section */

/* Begin PBXResourcesBuildPhase section */
		B2DEC14726209D3600C13589 /* Resources */ = {
			isa = PBXResourcesBuildPhase;
			buildActionMask = 2147483647;
			files = (
				B2DEC15926209D3600C13589 /* LaunchScreen.storyboard in Resources */,
				B2DEC15626209D3600C13589 /* Assets.xcassets in Resources */,
			);
			runOnlyForDeploymentPostprocessing = 0;
		};
/* End PBXResourcesBuildPhase section */

/* Begin PBXSourcesBuildPhase section */
		B2DEC14526209D3600C13589 /* Sources */ = {
			isa = PBXSourcesBuildPhase;
			buildActionMask = 2147483647;
			files = (
				B2BFBFBB2636BF86004F40B0 /* Coordination.swift in Sources */,
				B2A55B4F2636DAFC0036AB01 /* MainCoordinator.swift in Sources */,
				B2B460BD2653CA2C007B2877 /* URL+withQueries.swift in Sources */,
				B22D09CB263C6A0F0032380F /* LoginService.swift in Sources */,
				B23D155E263D921C0010AB57 /* StocksVM.swift in Sources */,
				B2A55B74263717A70036AB01 /* NewsTableViewCell.swift in Sources */,
				B23D1564263DA52F0010AB57 /* StocksTableViewCell.swift in Sources */,
				B2A55B522636DD1B0036AB01 /* NewsCoordinator.swift in Sources */,
				B2B0D8752637F46800A59015 /* LoginVC.swift in Sources */,
				B2A55B662636F3960036AB01 /* NewsVC.swift in Sources */,
				B2802B2E26244E9600B6AADA /* News.swift in Sources */,
				B2168B15265516EE00AA0C72 /* UIView+backgroundColorAnimation.swift in Sources */,
				B22D09CD263C6A350032380F /* AppleLoginService.swift in Sources */,
				B2802B282623767F00B6AADA /* Currency.swift in Sources */,
				B2535271264C0D65005CEB74 /* UITableViewCell+identifier.swift in Sources */,
				B2B0D8802638287E00A59015 /* SettingsContract.swift in Sources */,
				B2535274264C4E22005CEB74 /* Double+roundForText.swift in Sources */,
				B23D1562263D93320010AB57 /* StocksService.swift in Sources */,
				B2CE57142621CD5700C5722D /* RequestSettings.swift in Sources */,
				B271C81C2654F83500012308 /* SearchCompanyVC.swift in Sources */,
				B22799BC2639B95A0088A8B2 /* ColorScheme.swift in Sources */,
				B2535276264D32B6005CEB74 /* CellBackgroundView.swift in Sources */,
				B2C0AF04263B087600A7E8BA /* CurrencyService.swift in Sources */,
				B2A55B692636F3B60036AB01 /* NewsContract.swift in Sources */,
				B2B0D886263828B600A59015 /* SettingsVC.swift in Sources */,
				B2B0D883263828A600A59015 /* SettingsVM.swift in Sources */,
				B2C0AF00263B00EA00A7E8BA /* ServiceContainer.swift in Sources */,
				B23D155C263D91DE0010AB57 /* StocksContract.swift in Sources */,
				B23D1566263DA7EB0010AB57 /* CompanyQuotes.swift in Sources */,
				B2B0D87B2637F56400A59015 /* LoginContract.swift in Sources */,
				B2968D9526569BEB009AA143 /* OnlineTrade.swift in Sources */,
				B2A55B622636F37A0036AB01 /* NewsVM.swift in Sources */,
				B2DEC14D26209D3600C13589 /* AppDelegate.swift in Sources */,
				B2DEC14F26209D3600C13589 /* SceneDelegate.swift in Sources */,
				B22D09C8263C2CDA0032380F /* SocialButton.swift in Sources */,
				B23D1560263D92400010AB57 /* StocksVC.swift in Sources */,
				B2A55B5A2636ECB40036AB01 /* SettingsCoordinator.swift in Sources */,
				B23D1568263FF3580010AB57 /* Company.swift in Sources */,
				B2C0AF02263B052A00A7E8BA /* NewsService.swift in Sources */,
				B2C0AEFE263AC41F00A7E8BA /* CacheService.swift in Sources */,
				B2B0D8782637F4DD00A59015 /* LoginVM.swift in Sources */,
				B2B460BB2653B3CF007B2877 /* CompanyProfile.swift in Sources */,
				B2BFBFB62636BE89004F40B0 /* AppCoordinator.swift in Sources */,
				B2968D912656759E009AA143 /* Date+isRelevant.swift in Sources */,
				B2968D9326567E09009AA143 /* WebSocketService.swift in Sources */,
				B2A55B5D2636EF4D0036AB01 /* AuthCoordinator.swift in Sources */,
				B2A55B562636EC380036AB01 /* StocksCoordinator.swift in Sources */,
			);
			runOnlyForDeploymentPostprocessing = 0;
		};
/* End PBXSourcesBuildPhase section */

/* Begin PBXVariantGroup section */
		B2DEC15726209D3600C13589 /* LaunchScreen.storyboard */ = {
			isa = PBXVariantGroup;
			children = (
				B2DEC15826209D3600C13589 /* Base */,
			);
			name = LaunchScreen.storyboard;
			sourceTree = "<group>";
		};
/* End PBXVariantGroup section */

/* Begin XCBuildConfiguration section */
		B2DEC15B26209D3600C13589 /* Debug */ = {
			isa = XCBuildConfiguration;
			buildSettings = {
				ALWAYS_SEARCH_USER_PATHS = NO;
				CLANG_ANALYZER_NONNULL = YES;
				CLANG_ANALYZER_NUMBER_OBJECT_CONVERSION = YES_AGGRESSIVE;
				CLANG_CXX_LANGUAGE_STANDARD = "gnu++14";
				CLANG_CXX_LIBRARY = "libc++";
				CLANG_ENABLE_MODULES = YES;
				CLANG_ENABLE_OBJC_ARC = YES;
				CLANG_ENABLE_OBJC_WEAK = YES;
				CLANG_WARN_BLOCK_CAPTURE_AUTORELEASING = YES;
				CLANG_WARN_BOOL_CONVERSION = YES;
				CLANG_WARN_COMMA = YES;
				CLANG_WARN_CONSTANT_CONVERSION = YES;
				CLANG_WARN_DEPRECATED_OBJC_IMPLEMENTATIONS = YES;
				CLANG_WARN_DIRECT_OBJC_ISA_USAGE = YES_ERROR;
				CLANG_WARN_DOCUMENTATION_COMMENTS = YES;
				CLANG_WARN_EMPTY_BODY = YES;
				CLANG_WARN_ENUM_CONVERSION = YES;
				CLANG_WARN_INFINITE_RECURSION = YES;
				CLANG_WARN_INT_CONVERSION = YES;
				CLANG_WARN_NON_LITERAL_NULL_CONVERSION = YES;
				CLANG_WARN_OBJC_IMPLICIT_RETAIN_SELF = YES;
				CLANG_WARN_OBJC_LITERAL_CONVERSION = YES;
				CLANG_WARN_OBJC_ROOT_CLASS = YES_ERROR;
				CLANG_WARN_QUOTED_INCLUDE_IN_FRAMEWORK_HEADER = YES;
				CLANG_WARN_RANGE_LOOP_ANALYSIS = YES;
				CLANG_WARN_STRICT_PROTOTYPES = YES;
				CLANG_WARN_SUSPICIOUS_MOVE = YES;
				CLANG_WARN_UNGUARDED_AVAILABILITY = YES_AGGRESSIVE;
				CLANG_WARN_UNREACHABLE_CODE = YES;
				CLANG_WARN__DUPLICATE_METHOD_MATCH = YES;
				COPY_PHASE_STRIP = NO;
				DEBUG_INFORMATION_FORMAT = dwarf;
				ENABLE_STRICT_OBJC_MSGSEND = YES;
				ENABLE_TESTABILITY = YES;
				GCC_C_LANGUAGE_STANDARD = gnu11;
				GCC_DYNAMIC_NO_PIC = NO;
				GCC_NO_COMMON_BLOCKS = YES;
				GCC_OPTIMIZATION_LEVEL = 0;
				GCC_PREPROCESSOR_DEFINITIONS = (
					"DEBUG=1",
					"$(inherited)",
				);
				GCC_WARN_64_TO_32_BIT_CONVERSION = YES;
				GCC_WARN_ABOUT_RETURN_TYPE = YES_ERROR;
				GCC_WARN_UNDECLARED_SELECTOR = YES;
				GCC_WARN_UNINITIALIZED_AUTOS = YES_AGGRESSIVE;
				GCC_WARN_UNUSED_FUNCTION = YES;
				GCC_WARN_UNUSED_VARIABLE = YES;
				IPHONEOS_DEPLOYMENT_TARGET = 13.0;
				MTL_ENABLE_DEBUG_INFO = INCLUDE_SOURCE;
				MTL_FAST_MATH = YES;
				ONLY_ACTIVE_ARCH = YES;
				SDKROOT = iphoneos;
				SWIFT_ACTIVE_COMPILATION_CONDITIONS = DEBUG;
				SWIFT_OPTIMIZATION_LEVEL = "-Onone";
			};
			name = Debug;
		};
		B2DEC15C26209D3600C13589 /* Release */ = {
			isa = XCBuildConfiguration;
			buildSettings = {
				ALWAYS_SEARCH_USER_PATHS = NO;
				CLANG_ANALYZER_NONNULL = YES;
				CLANG_ANALYZER_NUMBER_OBJECT_CONVERSION = YES_AGGRESSIVE;
				CLANG_CXX_LANGUAGE_STANDARD = "gnu++14";
				CLANG_CXX_LIBRARY = "libc++";
				CLANG_ENABLE_MODULES = YES;
				CLANG_ENABLE_OBJC_ARC = YES;
				CLANG_ENABLE_OBJC_WEAK = YES;
				CLANG_WARN_BLOCK_CAPTURE_AUTORELEASING = YES;
				CLANG_WARN_BOOL_CONVERSION = YES;
				CLANG_WARN_COMMA = YES;
				CLANG_WARN_CONSTANT_CONVERSION = YES;
				CLANG_WARN_DEPRECATED_OBJC_IMPLEMENTATIONS = YES;
				CLANG_WARN_DIRECT_OBJC_ISA_USAGE = YES_ERROR;
				CLANG_WARN_DOCUMENTATION_COMMENTS = YES;
				CLANG_WARN_EMPTY_BODY = YES;
				CLANG_WARN_ENUM_CONVERSION = YES;
				CLANG_WARN_INFINITE_RECURSION = YES;
				CLANG_WARN_INT_CONVERSION = YES;
				CLANG_WARN_NON_LITERAL_NULL_CONVERSION = YES;
				CLANG_WARN_OBJC_IMPLICIT_RETAIN_SELF = YES;
				CLANG_WARN_OBJC_LITERAL_CONVERSION = YES;
				CLANG_WARN_OBJC_ROOT_CLASS = YES_ERROR;
				CLANG_WARN_QUOTED_INCLUDE_IN_FRAMEWORK_HEADER = YES;
				CLANG_WARN_RANGE_LOOP_ANALYSIS = YES;
				CLANG_WARN_STRICT_PROTOTYPES = YES;
				CLANG_WARN_SUSPICIOUS_MOVE = YES;
				CLANG_WARN_UNGUARDED_AVAILABILITY = YES_AGGRESSIVE;
				CLANG_WARN_UNREACHABLE_CODE = YES;
				CLANG_WARN__DUPLICATE_METHOD_MATCH = YES;
				COPY_PHASE_STRIP = NO;
				DEBUG_INFORMATION_FORMAT = "dwarf-with-dsym";
				ENABLE_NS_ASSERTIONS = NO;
				ENABLE_STRICT_OBJC_MSGSEND = YES;
				GCC_C_LANGUAGE_STANDARD = gnu11;
				GCC_NO_COMMON_BLOCKS = YES;
				GCC_WARN_64_TO_32_BIT_CONVERSION = YES;
				GCC_WARN_ABOUT_RETURN_TYPE = YES_ERROR;
				GCC_WARN_UNDECLARED_SELECTOR = YES;
				GCC_WARN_UNINITIALIZED_AUTOS = YES_AGGRESSIVE;
				GCC_WARN_UNUSED_FUNCTION = YES;
				GCC_WARN_UNUSED_VARIABLE = YES;
				IPHONEOS_DEPLOYMENT_TARGET = 13.0;
				MTL_ENABLE_DEBUG_INFO = NO;
				MTL_FAST_MATH = YES;
				SDKROOT = iphoneos;
				SWIFT_COMPILATION_MODE = wholemodule;
				SWIFT_OPTIMIZATION_LEVEL = "-O";
				VALIDATE_PRODUCT = YES;
			};
			name = Release;
		};
		B2DEC15E26209D3600C13589 /* Debug */ = {
			isa = XCBuildConfiguration;
			buildSettings = {
				ASSETCATALOG_COMPILER_APPICON_NAME = AppIcon;
				ASSETCATALOG_COMPILER_GLOBAL_ACCENT_COLOR_NAME = AccentColor;
				CODE_SIGN_STYLE = Automatic;
				CURRENT_PROJECT_VERSION = 1;
				DEVELOPMENT_TEAM = 72AKTAX57S;
				INFOPLIST_FILE = "$(SRCROOT)/Resources/Info.plist";
				IPHONEOS_DEPLOYMENT_TARGET = 13.0;
				LD_RUNPATH_SEARCH_PATHS = (
					"$(inherited)",
					"@executable_path/Frameworks",
				);
				PRODUCT_BUNDLE_IDENTIFIER = likils.Stocks;
				PRODUCT_NAME = "$(TARGET_NAME)";
				SWIFT_VERSION = 5.0;
				TARGETED_DEVICE_FAMILY = "1,2";
			};
			name = Debug;
		};
		B2DEC15F26209D3600C13589 /* Release */ = {
			isa = XCBuildConfiguration;
			buildSettings = {
				ASSETCATALOG_COMPILER_APPICON_NAME = AppIcon;
				ASSETCATALOG_COMPILER_GLOBAL_ACCENT_COLOR_NAME = AccentColor;
				CODE_SIGN_STYLE = Automatic;
				CURRENT_PROJECT_VERSION = 1;
				DEVELOPMENT_TEAM = 72AKTAX57S;
				INFOPLIST_FILE = "$(SRCROOT)/Resources/Info.plist";
				IPHONEOS_DEPLOYMENT_TARGET = 13.0;
				LD_RUNPATH_SEARCH_PATHS = (
					"$(inherited)",
					"@executable_path/Frameworks",
				);
				PRODUCT_BUNDLE_IDENTIFIER = likils.Stocks;
				PRODUCT_NAME = "$(TARGET_NAME)";
				SWIFT_VERSION = 5.0;
				TARGETED_DEVICE_FAMILY = "1,2";
			};
			name = Release;
		};
/* End XCBuildConfiguration section */

/* Begin XCConfigurationList section */
		B2DEC14426209D3600C13589 /* Build configuration list for PBXProject "Stocks" */ = {
			isa = XCConfigurationList;
			buildConfigurations = (
				B2DEC15B26209D3600C13589 /* Debug */,
				B2DEC15C26209D3600C13589 /* Release */,
			);
			defaultConfigurationIsVisible = 0;
			defaultConfigurationName = Release;
		};
		B2DEC15D26209D3600C13589 /* Build configuration list for PBXNativeTarget "Stocks" */ = {
			isa = XCConfigurationList;
			buildConfigurations = (
				B2DEC15E26209D3600C13589 /* Debug */,
				B2DEC15F26209D3600C13589 /* Release */,
			);
			defaultConfigurationIsVisible = 0;
			defaultConfigurationName = Release;
		};
/* End XCConfigurationList section */
	};
	rootObject = B2DEC14126209D3600C13589 /* Project object */;
}
